
Microsoft Visual Studio Solution File, Format Version 12.00
# Visual Studio 2012
Project("{8BC9CEB8-8B4A-11D0-8D11-00A0C91BC942}") = "Dark Water 8-12", "Dark Water 8-12.vcxproj", "{A9A5B51E-380F-4F2D-8F5D-57492E612371}"
EndProject
Global
	GlobalSection(SolutionConfigurationPlatforms) = preSolution
		Debug|Win32 = Debug|Win32
		Release|Win32 = Release|Win32
	EndGlobalSection
	GlobalSection(ProjectConfigurationPlatforms) = postSolution
		{A9A5B51E-380F-4F2D-8F5D-57492E612371}.Debug|Win32.ActiveCfg = Debug|Win32
		{A9A5B51E-380F-4F2D-8F5D-57492E612371}.Debug|Win32.Build.0 = Debug|Win32
		{A9A5B51E-380F-4F2D-8F5D-57492E612371}.Release|Win32.ActiveCfg = Release|Win32
		{A9A5B51E-380F-4F2D-8F5D-57492E612371}.Release|Win32.Build.0 = Release|Win32
	EndGlobalSection
	GlobalSection(SolutionProperties) = preSolution
		HideSolutionNode = FALSE
	EndGlobalSection
EndGlobal
