<?xml version="1.0" encoding="utf-8"?>
<Project ToolsVersion="4.0" xmlns="http://schemas.microsoft.com/developer/msbuild/2003">
  <ItemGroup>
    <Filter Include="Source Files">
      <UniqueIdentifier>{4FC737F1-C7A5-4376-A066-2A32D752A2FF}</UniqueIdentifier>
      <Extensions>cpp;c;cc;cxx;def;odl;idl;hpj;bat;asm;asmx</Extensions>
    </Filter>
    <Filter Include="Header Files">
      <UniqueIdentifier>{93995380-89BD-4b04-88EB-625FBE52EBFB}</UniqueIdentifier>
      <Extensions>h;hpp;hxx;hm;inl;inc;xsd</Extensions>
    </Filter>
    <Filter Include="Resource Files">
      <UniqueIdentifier>{67DA6AB6-F800-4c08-8B7A-83BB121AAD01}</UniqueIdentifier>
      <Extensions>rc;ico;cur;bmp;dlg;rc2;rct;bin;rgs;gif;jpg;jpeg;jpe;resx;tiff;tif;png;wav;mfcribbon-ms</Extensions>
    </Filter>
    <Filter Include="Source Files\GUI">
      <UniqueIdentifier>{c1865496-42a8-4101-aaa1-a99cef3bb5e4}</UniqueIdentifier>
    </Filter>
    <Filter Include="Header Files\GUI">
      <UniqueIdentifier>{0abc54b2-85db-46ad-a471-23789eed675b}</UniqueIdentifier>
    </Filter>
  </ItemGroup>
  <ItemGroup>
    <ClCompile Include="glfw_mini_01\Boulder.cpp">
      <Filter>Source Files</Filter>
    </ClCompile>
    <ClCompile Include="glfw_mini_01\Box.cpp">
      <Filter>Source Files</Filter>
    </ClCompile>
    <ClCompile Include="glfw_mini_01\Entity.cpp">
      <Filter>Source Files</Filter>
    </ClCompile>
    <ClCompile Include="glfw_mini_01\Globals.cpp">
      <Filter>Source Files</Filter>
    </ClCompile>
    <ClCompile Include="glfw_mini_01\GLPolygon.cpp">
      <Filter>Source Files</Filter>
    </ClCompile>
    <ClCompile Include="glfw_mini_01\Island.cpp">
      <Filter>Source Files</Filter>
    </ClCompile>
    <ClCompile Include="glfw_mini_01\main.cpp">
      <Filter>Source Files</Filter>
    </ClCompile>
    <ClCompile Include="glfw_mini_01\MovingEntity.cpp">
      <Filter>Source Files</Filter>
    </ClCompile>
    <ClCompile Include="glfw_mini_01\Player.cpp">
      <Filter>Source Files</Filter>
    </ClCompile>
    <ClCompile Include="glfw_mini_01\Polygon.cpp">
      <Filter>Source Files</Filter>
    </ClCompile>
    <ClCompile Include="glfw_mini_01\Projectile.cpp">
      <Filter>Source Files</Filter>
    </ClCompile>
    <ClCompile Include="glfw_mini_01\Snipershot.cpp">
      <Filter>Source Files</Filter>
    </ClCompile>
    <ClCompile Include="glfw_mini_01\UI.cpp">
      <Filter>Source Files</Filter>
    </ClCompile>
    <ClCompile Include="glfw_mini_01\Universe.cpp">
      <Filter>Source Files</Filter>
    </ClCompile>
    <ClCompile Include="glfw_mini_01\Vector.cpp">
      <Filter>Source Files</Filter>
    </ClCompile>
    <ClCompile Include="glfw_mini_01\Vertex.cpp">
      <Filter>Source Files</Filter>
    </ClCompile>
    <ClCompile Include="glfw_mini_01\GUI\GUI.Button.cpp">
      <Filter>Source Files\GUI</Filter>
    </ClCompile>
    <ClCompile Include="glfw_mini_01\GUI\GUI.ButtonArray.cpp">
      <Filter>Source Files\GUI</Filter>
    </ClCompile>
    <ClCompile Include="glfw_mini_01\GUI\GUI.Console.cpp">
      <Filter>Source Files\GUI</Filter>
    </ClCompile>
    <ClCompile Include="glfw_mini_01\GUI\GUI.cpp">
      <Filter>Source Files\GUI</Filter>
    </ClCompile>
    <ClCompile Include="glfw_mini_01\GUI\GUI.Credits.cpp">
      <Filter>Source Files\GUI</Filter>
    </ClCompile>
    <ClCompile Include="glfw_mini_01\GUI\GUI.FontSystem.cpp">
      <Filter>Source Files\GUI</Filter>
    </ClCompile>
    <ClCompile Include="glfw_mini_01\GUI\GUI.Globals.cpp">
      <Filter>Source Files\GUI</Filter>
    </ClCompile>
    <ClCompile Include="glfw_mini_01\GUI\GUI.Layout.cpp">
      <Filter>Source Files\GUI</Filter>
    </ClCompile>
    <ClCompile Include="glfw_mini_01\GUI\GUI.List.cpp">
      <Filter>Source Files\GUI</Filter>
    </ClCompile>
    <ClCompile Include="glfw_mini_01\GUI\GUI.Menu.cpp">
      <Filter>Source Files\GUI</Filter>
    </ClCompile>
    <ClCompile Include="glfw_mini_01\GUI\GUI.Screens.cpp">
      <Filter>Source Files\GUI</Filter>
    </ClCompile>
    <ClCompile Include="glfw_mini_01\GUI\GUI.Slider.cpp">
      <Filter>Source Files\GUI</Filter>
    </ClCompile>
    <ClCompile Include="glfw_mini_01\GUI\GUI.TextEffect.cpp">
      <Filter>Source Files\GUI</Filter>
    </ClCompile>
    <ClCompile Include="glfw_mini_01\GUI\SoundManager.cpp">
      <Filter>Source Files\GUI</Filter>
    </ClCompile>
  </ItemGroup>
  <ItemGroup>
    <ClInclude Include="glfw_mini_01\Boulder.h">
      <Filter>Header Files</Filter>
    </ClInclude>
    <ClInclude Include="glfw_mini_01\Box.h">
      <Filter>Header Files</Filter>
    </ClInclude>
    <ClInclude Include="glfw_mini_01\Entity.h">
      <Filter>Header Files</Filter>
    </ClInclude>
    <ClInclude Include="glfw_mini_01\Globals.h">
      <Filter>Header Files</Filter>
    </ClInclude>
    <ClInclude Include="glfw_mini_01\GLPolygon.h">
      <Filter>Header Files</Filter>
    </ClInclude>
    <ClInclude Include="glfw_mini_01\Island.h">
      <Filter>Header Files</Filter>
    </ClInclude>
    <ClInclude Include="glfw_mini_01\MovingEntity.h">
      <Filter>Header Files</Filter>
    </ClInclude>
    <ClInclude Include="glfw_mini_01\Player.h">
      <Filter>Header Files</Filter>
    </ClInclude>
    <ClInclude Include="glfw_mini_01\Polygon.h">
      <Filter>Header Files</Filter>
    </ClInclude>
    <ClInclude Include="glfw_mini_01\Projectile.h">
      <Filter>Header Files</Filter>
    </ClInclude>
    <ClInclude Include="glfw_mini_01\Snipershot.h">
      <Filter>Header Files</Filter>
    </ClInclude>
    <ClInclude Include="glfw_mini_01\UI.h">
      <Filter>Header Files</Filter>
    </ClInclude>
    <ClInclude Include="glfw_mini_01\Universe.h">
      <Filter>Header Files</Filter>
    </ClInclude>
    <ClInclude Include="glfw_mini_01\Vector.h">
      <Filter>Header Files</Filter>
    </ClInclude>
    <ClInclude Include="glfw_mini_01\Vertex.h">
      <Filter>Header Files</Filter>
    </ClInclude>
    <ClInclude Include="glfw_mini_01\GUI\GUI.Button.h">
      <Filter>Header Files\GUI</Filter>
    </ClInclude>
    <ClInclude Include="glfw_mini_01\GUI\GUI.ButtonArray.h">
      <Filter>Header Files\GUI</Filter>
    </ClInclude>
    <ClInclude Include="glfw_mini_01\GUI\GUI.Console.h">
      <Filter>Header Files\GUI</Filter>
    </ClInclude>
    <ClInclude Include="glfw_mini_01\GUI\GUI.Credits.h">
      <Filter>Header Files\GUI</Filter>
    </ClInclude>
    <ClInclude Include="glfw_mini_01\GUI\GUI.FontSystem.h">
      <Filter>Header Files\GUI</Filter>
    </ClInclude>
    <ClInclude Include="glfw_mini_01\GUI\GUI.Globals.h">
      <Filter>Header Files\GUI</Filter>
    </ClInclude>
    <ClInclude Include="glfw_mini_01\GUI\GUI.h">
      <Filter>Header Files\GUI</Filter>
    </ClInclude>
    <ClInclude Include="glfw_mini_01\GUI\GUI.Layout.h">
      <Filter>Header Files\GUI</Filter>
    </ClInclude>
    <ClInclude Include="glfw_mini_01\GUI\GUI.List.h">
      <Filter>Header Files\GUI</Filter>
    </ClInclude>
    <ClInclude Include="glfw_mini_01\GUI\GUI.Menu.h">
      <Filter>Header Files\GUI</Filter>
    </ClInclude>
    <ClInclude Include="glfw_mini_01\GUI\GUI.Screens.h">
      <Filter>Header Files\GUI</Filter>
    </ClInclude>
    <ClInclude Include="glfw_mini_01\GUI\GUI.Slider.h">
      <Filter>Header Files\GUI</Filter>
    </ClInclude>
    <ClInclude Include="glfw_mini_01\GUI\GUI.TextEffect.h">
      <Filter>Header Files\GUI</Filter>
    </ClInclude>
    <ClInclude Include="glfw_mini_01\GUI\SoundManager.h">
      <Filter>Header Files\GUI</Filter>
    </ClInclude>
  </ItemGroup>
</Project>