<?xml version="1.0" encoding="utf-8"?>
<Project ToolsVersion="4.0" xmlns="http://schemas.microsoft.com/developer/msbuild/2003">
  <ItemGroup>
    <Filter Include="Source Files">
      <UniqueIdentifier>{4FC737F1-C7A5-4376-A066-2A32D752A2FF}</UniqueIdentifier>
      <Extensions>cpp;c;cc;cxx;def;odl;idl;hpj;bat;asm;asmx</Extensions>
    </Filter>
    <Filter Include="Header Files">
      <UniqueIdentifier>{93995380-89BD-4b04-88EB-625FBE52EBFB}</UniqueIdentifier>
      <Extensions>h;hpp;hxx;hm;inl;inc;xsd</Extensions>
    </Filter>
    <Filter Include="Resource Files">
      <UniqueIdentifier>{67DA6AB6-F800-4c08-8B7A-83BB121AAD01}</UniqueIdentifier>
      <Extensions>rc;ico;cur;bmp;dlg;rc2;rct;bin;rgs;gif;jpg;jpeg;jpe;resx;tiff;tif;png;wav</Extensions>
    </Filter>
    <Filter Include="GUI">
      <UniqueIdentifier>{d180f22e-5abf-4a72-9617-21173da7d4d1}</UniqueIdentifier>
    </Filter>
  </ItemGroup>
  <ItemGroup>
    <ClCompile Include="main.cpp">
      <Filter>Source Files</Filter>
    </ClCompile>
    <ClCompile Include="Polygon.cpp">
      <Filter>Source Files</Filter>
    </ClCompile>
    <ClCompile Include="Vector.cpp">
      <Filter>Source Files</Filter>
    </ClCompile>
    <ClCompile Include="Vertex.cpp">
      <Filter>Source Files</Filter>
    </ClCompile>
    <ClCompile Include="GLPolygon.cpp">
      <Filter>Source Files</Filter>
    </ClCompile>
    <ClCompile Include="Player.cpp">
      <Filter>Source Files</Filter>
    </ClCompile>
    <ClCompile Include="Globals.cpp">
      <Filter>Source Files</Filter>
    </ClCompile>
    <ClCompile Include="Entity.cpp">
      <Filter>Source Files</Filter>
    </ClCompile>
    <ClCompile Include="MovingEntity.cpp">
      <Filter>Source Files</Filter>
    </ClCompile>
    <ClCompile Include="Island.cpp">
      <Filter>Source Files</Filter>
    </ClCompile>
    <ClCompile Include="Box.cpp">
      <Filter>Source Files</Filter>
    </ClCompile>
    <ClCompile Include="Projectile.cpp">
      <Filter>Source Files</Filter>
    </ClCompile>
    <ClCompile Include="UI.cpp">
      <Filter>Source Files</Filter>
    </ClCompile>
    <ClCompile Include="Universe.cpp">
      <Filter>Source Files</Filter>
    </ClCompile>
    <ClCompile Include="Snipershot.cpp">
      <Filter>Source Files</Filter>
    </ClCompile>
    <ClCompile Include="Boulder.cpp">
      <Filter>Source Files</Filter>
    </ClCompile>
    <ClCompile Include="GUI\GUI.Button.cpp">
      <Filter>GUI</Filter>
    </ClCompile>
    <ClCompile Include="GUI\GUI.ButtonArray.cpp">
      <Filter>GUI</Filter>
    </ClCompile>
    <ClCompile Include="GUI\GUI.Console.cpp">
      <Filter>GUI</Filter>
    </ClCompile>
    <ClCompile Include="GUI\GUI.cpp">
      <Filter>GUI</Filter>
    </ClCompile>
    <ClCompile Include="GUI\GUI.Credits.cpp">
      <Filter>GUI</Filter>
    </ClCompile>
    <ClCompile Include="GUI\GUI.FontSystem.cpp">
      <Filter>GUI</Filter>
    </ClCompile>
    <ClCompile Include="GUI\GUI.Globals.cpp">
      <Filter>GUI</Filter>
    </ClCompile>
    <ClCompile Include="GUI\GUI.Layout.cpp">
      <Filter>GUI</Filter>
    </ClCompile>
    <ClCompile Include="GUI\GUI.List.cpp">
      <Filter>GUI</Filter>
    </ClCompile>
    <ClCompile Include="GUI\GUI.Menu.cpp">
      <Filter>GUI</Filter>
    </ClCompile>
    <ClCompile Include="GUI\GUI.Screens.cpp">
      <Filter>GUI</Filter>
    </ClCompile>
    <ClCompile Include="GUI\GUI.Slider.cpp">
      <Filter>GUI</Filter>
    </ClCompile>
    <ClCompile Include="GUI\GUI.TextEffect.cpp">
      <Filter>GUI</Filter>
    </ClCompile>
    <ClCompile Include="GUI\SoundManager.cpp">
      <Filter>GUI</Filter>
    </ClCompile>
  </ItemGroup>
  <ItemGroup>
    <ClInclude Include="Polygon.h">
      <Filter>Header Files</Filter>
    </ClInclude>
    <ClInclude Include="Vector.h">
      <Filter>Header Files</Filter>
    </ClInclude>
    <ClInclude Include="Vertex.h">
      <Filter>Header Files</Filter>
    </ClInclude>
    <ClInclude Include="GLPolygon.h">
      <Filter>Header Files</Filter>
    </ClInclude>
    <ClInclude Include="Player.h">
      <Filter>Header Files</Filter>
    </ClInclude>
    <ClInclude Include="Globals.h">
      <Filter>Header Files</Filter>
    </ClInclude>
    <ClInclude Include="Entity.h">
      <Filter>Header Files</Filter>
    </ClInclude>
    <ClInclude Include="MovingEntity.h">
      <Filter>Header Files</Filter>
    </ClInclude>
    <ClInclude Include="Projectile.h">
      <Filter>Header Files</Filter>
    </ClInclude>
    <ClInclude Include="Island.h">
      <Filter>Header Files</Filter>
    </ClInclude>
    <ClInclude Include="Box.h">
      <Filter>Header Files</Filter>
    </ClInclude>
    <ClInclude Include="UI.h">
      <Filter>Header Files</Filter>
    </ClInclude>
    <ClInclude Include="Universe.h">
      <Filter>Header Files</Filter>
    </ClInclude>
    <ClInclude Include="Snipershot.h">
      <Filter>Header Files</Filter>
    </ClInclude>
    <ClInclude Include="Boulder.h">
      <Filter>Header Files</Filter>
    </ClInclude>
    <ClInclude Include="GUI\GUI.Button.h">
      <Filter>GUI</Filter>
    </ClInclude>
    <ClInclude Include="GUI\GUI.ButtonArray.h">
      <Filter>GUI</Filter>
    </ClInclude>
    <ClInclude Include="GUI\GUI.Console.h">
      <Filter>GUI</Filter>
    </ClInclude>
    <ClInclude Include="GUI\GUI.Credits.h">
      <Filter>GUI</Filter>
    </ClInclude>
    <ClInclude Include="GUI\GUI.FontSystem.h">
      <Filter>GUI</Filter>
    </ClInclude>
    <ClInclude Include="GUI\GUI.Globals.h">
      <Filter>GUI</Filter>
    </ClInclude>
    <ClInclude Include="GUI\GUI.h">
      <Filter>GUI</Filter>
    </ClInclude>
    <ClInclude Include="GUI\GUI.Layout.h">
      <Filter>GUI</Filter>
    </ClInclude>
    <ClInclude Include="GUI\GUI.List.h">
      <Filter>GUI</Filter>
    </ClInclude>
    <ClInclude Include="GUI\GUI.Menu.h">
      <Filter>GUI</Filter>
    </ClInclude>
    <ClInclude Include="GUI\GUI.Screens.h">
      <Filter>GUI</Filter>
    </ClInclude>
    <ClInclude Include="GUI\GUI.Slider.h">
      <Filter>GUI</Filter>
    </ClInclude>
    <ClInclude Include="GUI\GUI.TextEffect.h">
      <Filter>GUI</Filter>
    </ClInclude>
    <ClInclude Include="GUI\SoundManager.h">
      <Filter>GUI</Filter>
    </ClInclude>
  </ItemGroup>
</Project>